
Microsoft Visual Studio Solution File, Format Version 12.00
# Visual Studio Version 17
VisualStudioVersion = 17.10.34928.147
MinimumVisualStudioVersion = 10.0.40219.1
Project("{FAE04EC0-301F-11D3-BF4B-00C04F79EFBC}") = "BudgetWatcher", "BudgetWatcher.csproj", "{3F5E4F8C-649B-43BA-8955-58A4CA7CFFDA}"
EndProject
Project("{FAE04EC0-301F-11D3-BF4B-00C04F79EFBC}") = "BudgetManagement", "..\BudgetManagementModule\BudgetManagement.csproj", "{0E5AF62B-2E23-4D43-AC84-2904C1150C12}"
EndProject
Global
	GlobalSection(SolutionConfigurationPlatforms) = preSolution
		Debug|Any CPU = Debug|Any CPU
		Release|Any CPU = Release|Any CPU
	EndGlobalSection
	GlobalSection(ProjectConfigurationPlatforms) = postSolution
		{3F5E4F8C-649B-43BA-8955-58A4CA7CFFDA}.Debug|Any CPU.ActiveCfg = Debug|Any CPU
		{3F5E4F8C-649B-43BA-8955-58A4CA7CFFDA}.Debug|Any CPU.Build.0 = Debug|Any CPU
		{3F5E4F8C-649B-43BA-8955-58A4CA7CFFDA}.Release|Any CPU.ActiveCfg = Release|Any CPU
		{3F5E4F8C-649B-43BA-8955-58A4CA7CFFDA}.Release|Any CPU.Build.0 = Release|Any CPU
		{0E5AF62B-2E23-4D43-AC84-2904C1150C12}.Debug|Any CPU.ActiveCfg = Debug|Any CPU
		{0E5AF62B-2E23-4D43-AC84-2904C1150C12}.Debug|Any CPU.Build.0 = Debug|Any CPU
		{0E5AF62B-2E23-4D43-AC84-2904C1150C12}.Release|Any CPU.ActiveCfg = Release|Any CPU
		{0E5AF62B-2E23-4D43-AC84-2904C1150C12}.Release|Any CPU.Build.0 = Release|Any CPU
	EndGlobalSection
	GlobalSection(SolutionProperties) = preSolution
		HideSolutionNode = FALSE
	EndGlobalSection
	GlobalSection(ExtensibilityGlobals) = postSolution
		SolutionGuid = {8DBAC124-0435-40EC-8E73-E29994293E1F}
	EndGlobalSection
EndGlobal
